
Microsoft Visual Studio Solution File, Format Version 12.00
# Visual Studio 15
VisualStudioVersion = 15.0.26014.0
MinimumVisualStudioVersion = 10.0.40219.1
Project("{FAE04EC0-301F-11D3-BF4B-00C04F79EFBC}") = "PreCS", "PreCS\PreCS.csproj", "{95EA5363-C6BD-493D-A9E4-86FDCAB27165}"
EndProject
Project("{FAE04EC0-301F-11D3-BF4B-00C04F79EFBC}") = "CodeHelper", "CodeHelper\CodeHelper.csproj", "{51FC6916-1348-4841-B388-ECD63FA52529}"
EndProject
Project("{FAE04EC0-301F-11D3-BF4B-00C04F79EFBC}") = "Test", "Test\Test.csproj", "{F358A54D-11CA-459F-B7EF-FB696C74EDE6}"
EndProject
Global
	GlobalSection(SolutionConfigurationPlatforms) = preSolution
		Debug|Any CPU = Debug|Any CPU
		Release|Any CPU = Release|Any CPU
	EndGlobalSection
	GlobalSection(ProjectConfigurationPlatforms) = postSolution
		{95EA5363-C6BD-493D-A9E4-86FDCAB27165}.Debug|Any CPU.ActiveCfg = Debug|Any CPU
		{95EA5363-C6BD-493D-A9E4-86FDCAB27165}.Debug|Any CPU.Build.0 = Debug|Any CPU
		{95EA5363-C6BD-493D-A9E4-86FDCAB27165}.Release|Any CPU.ActiveCfg = Release|Any CPU
		{95EA5363-C6BD-493D-A9E4-86FDCAB27165}.Release|Any CPU.Build.0 = Release|Any CPU
		{51FC6916-1348-4841-B388-ECD63FA52529}.Debug|Any CPU.ActiveCfg = Debug|Any CPU
		{51FC6916-1348-4841-B388-ECD63FA52529}.Debug|Any CPU.Build.0 = Debug|Any CPU
		{51FC6916-1348-4841-B388-ECD63FA52529}.Release|Any CPU.ActiveCfg = Release|Any CPU
		{51FC6916-1348-4841-B388-ECD63FA52529}.Release|Any CPU.Build.0 = Release|Any CPU
		{F358A54D-11CA-459F-B7EF-FB696C74EDE6}.Debug|Any CPU.ActiveCfg = Debug|Any CPU
		{F358A54D-11CA-459F-B7EF-FB696C74EDE6}.Debug|Any CPU.Build.0 = Debug|Any CPU
		{F358A54D-11CA-459F-B7EF-FB696C74EDE6}.Release|Any CPU.ActiveCfg = Release|Any CPU
		{F358A54D-11CA-459F-B7EF-FB696C74EDE6}.Release|Any CPU.Build.0 = Release|Any CPU
	EndGlobalSection
	GlobalSection(SolutionProperties) = preSolution
		HideSolutionNode = FALSE
	EndGlobalSection
EndGlobal
